// !$*UTF8*$!
{
	archiveVersion = 1;
	classes = {
	};
	objectVersion = 55;
	objects = {

/* Begin PBXBuildFile section */
		940374372717ABDD00713A78 /* ProductViewController.swift in Sources */ = {isa = PBXBuildFile; fileRef = 940374362717ABDD00713A78 /* ProductViewController.swift */; };
		940374392717AEA000713A78 /* searchBarHelp.swift in Sources */ = {isa = PBXBuildFile; fileRef = 940374382717AEA000713A78 /* searchBarHelp.swift */; };
		9403743B2717B1D300713A78 /* CustomTableViewCell.swift in Sources */ = {isa = PBXBuildFile; fileRef = 9403743A2717B1D300713A78 /* CustomTableViewCell.swift */; };
		9403743D2717B2E700713A78 /* ImageClient.swift in Sources */ = {isa = PBXBuildFile; fileRef = 9403743C2717B2E700713A78 /* ImageClient.swift */; };
		943E8A4F2714F656004E70FE /* AppDelegate.swift in Sources */ = {isa = PBXBuildFile; fileRef = 943E8A4E2714F656004E70FE /* AppDelegate.swift */; };
		943E8A512714F656004E70FE /* SceneDelegate.swift in Sources */ = {isa = PBXBuildFile; fileRef = 943E8A502714F656004E70FE /* SceneDelegate.swift */; };
		943E8A532714F656004E70FE /* productSelectionViewController.swift in Sources */ = {isa = PBXBuildFile; fileRef = 943E8A522714F656004E70FE /* productSelectionViewController.swift */; };
		943E8A562714F656004E70FE /* Main.storyboard in Resources */ = {isa = PBXBuildFile; fileRef = 943E8A542714F656004E70FE /* Main.storyboard */; };
		943E8A582714F65A004E70FE /* Assets.xcassets in Resources */ = {isa = PBXBuildFile; fileRef = 943E8A572714F65A004E70FE /* Assets.xcassets */; };
		943E8A5B2714F65A004E70FE /* LaunchScreen.storyboard in Resources */ = {isa = PBXBuildFile; fileRef = 943E8A592714F65A004E70FE /* LaunchScreen.storyboard */; };
		943E8A6B2714FC63004E70FE /* allAmmo.json in Resources */ = {isa = PBXBuildFile; fileRef = 943E8A6A2714FC63004E70FE /* allAmmo.json */; };
		943E8A6D2714FFDA004E70FE /* ammoData.swift in Sources */ = {isa = PBXBuildFile; fileRef = 943E8A6C2714FFDA004E70FE /* ammoData.swift */; };
/* End PBXBuildFile section */

/* Begin PBXFileReference section */
		940374362717ABDD00713A78 /* ProductViewController.swift */ = {isa = PBXFileReference; lastKnownFileType = sourcecode.swift; path = ProductViewController.swift; sourceTree = "<group>"; };
		940374382717AEA000713A78 /* searchBarHelp.swift */ = {isa = PBXFileReference; lastKnownFileType = sourcecode.swift; path = searchBarHelp.swift; sourceTree = "<group>"; };
		9403743A2717B1D300713A78 /* CustomTableViewCell.swift */ = {isa = PBXFileReference; lastKnownFileType = sourcecode.swift; path = CustomTableViewCell.swift; sourceTree = "<group>"; };
		9403743C2717B2E700713A78 /* ImageClient.swift */ = {isa = PBXFileReference; lastKnownFileType = sourcecode.swift; path = ImageClient.swift; sourceTree = "<group>"; };
		943E8A4B2714F656004E70FE /* crispy-computing-appv2.app */ = {isa = PBXFileReference; explicitFileType = wrapper.application; includeInIndex = 0; path = "crispy-computing-appv2.app"; sourceTree = BUILT_PRODUCTS_DIR; };
		943E8A4E2714F656004E70FE /* AppDelegate.swift */ = {isa = PBXFileReference; lastKnownFileType = sourcecode.swift; path = AppDelegate.swift; sourceTree = "<group>"; };
		943E8A502714F656004E70FE /* SceneDelegate.swift */ = {isa = PBXFileReference; lastKnownFileType = sourcecode.swift; path = SceneDelegate.swift; sourceTree = "<group>"; };
		943E8A522714F656004E70FE /* productSelectionViewController.swift */ = {isa = PBXFileReference; lastKnownFileType = sourcecode.swift; path = productSelectionViewController.swift; sourceTree = "<group>"; };
		943E8A552714F656004E70FE /* Base */ = {isa = PBXFileReference; lastKnownFileType = file.storyboard; name = Base; path = Base.lproj/Main.storyboard; sourceTree = "<group>"; };
		943E8A572714F65A004E70FE /* Assets.xcassets */ = {isa = PBXFileReference; lastKnownFileType = folder.assetcatalog; path = Assets.xcassets; sourceTree = "<group>"; };
		943E8A5A2714F65A004E70FE /* Base */ = {isa = PBXFileReference; lastKnownFileType = file.storyboard; name = Base; path = Base.lproj/LaunchScreen.storyboard; sourceTree = "<group>"; };
		943E8A5C2714F65A004E70FE /* Info.plist */ = {isa = PBXFileReference; lastKnownFileType = text.plist.xml; path = Info.plist; sourceTree = "<group>"; };
		943E8A6A2714FC63004E70FE /* allAmmo.json */ = {isa = PBXFileReference; lastKnownFileType = text.json; path = allAmmo.json; sourceTree = "<group>"; };
		943E8A6C2714FFDA004E70FE /* ammoData.swift */ = {isa = PBXFileReference; lastKnownFileType = sourcecode.swift; path = ammoData.swift; sourceTree = "<group>"; };
/* End PBXFileReference section */

/* Begin PBXFrameworksBuildPhase section */
		943E8A482714F656004E70FE /* Frameworks */ = {
			isa = PBXFrameworksBuildPhase;
			buildActionMask = 2147483647;
			files = (
			);
			runOnlyForDeploymentPostprocessing = 0;
		};
/* End PBXFrameworksBuildPhase section */

/* Begin PBXGroup section */
		943E8A422714F656004E70FE = {
			isa = PBXGroup;
			children = (
				943E8A4D2714F656004E70FE /* crispy-computing-appv2 */,
				943E8A4C2714F656004E70FE /* Products */,
			);
			sourceTree = "<group>";
		};
		943E8A4C2714F656004E70FE /* Products */ = {
			isa = PBXGroup;
			children = (
				943E8A4B2714F656004E70FE /* crispy-computing-appv2.app */,
			);
			name = Products;
			sourceTree = "<group>";
		};
		943E8A4D2714F656004E70FE /* crispy-computing-appv2 */ = {
			isa = PBXGroup;
			children = (
				943E8A662714F747004E70FE /* jsonFiles */,
				943E8A652714F729004E70FE /* Model */,
				943E8A642714F718004E70FE /* Views + helpers */,
				943E8A632714F6FD004E70FE /* Storyboards */,
				943E8A622714F6E8004E70FE /* Supporting files */,
				943E8A5C2714F65A004E70FE /* Info.plist */,
			);
			path = "crispy-computing-appv2";
			sourceTree = "<group>";
		};
		943E8A622714F6E8004E70FE /* Supporting files */ = {
			isa = PBXGroup;
			children = (
				943E8A572714F65A004E70FE /* Assets.xcassets */,
				943E8A4E2714F656004E70FE /* AppDelegate.swift */,
				943E8A502714F656004E70FE /* SceneDelegate.swift */,
			);
			path = "Supporting files";
			sourceTree = "<group>";
		};
		943E8A632714F6FD004E70FE /* Storyboards */ = {
			isa = PBXGroup;
			children = (
				943E8A542714F656004E70FE /* Main.storyboard */,
				943E8A592714F65A004E70FE /* LaunchScreen.storyboard */,
			);
			path = Storyboards;
			sourceTree = "<group>";
		};
		943E8A642714F718004E70FE /* Views + helpers */ = {
			isa = PBXGroup;
			children = (
				943E8A522714F656004E70FE /* productSelectionViewController.swift */,
				940374362717ABDD00713A78 /* ProductViewController.swift */,
				940374382717AEA000713A78 /* searchBarHelp.swift */,
				9403743A2717B1D300713A78 /* CustomTableViewCell.swift */,
				9403743C2717B2E700713A78 /* ImageClient.swift */,
			);
			path = "Views + helpers";
			sourceTree = "<group>";
		};
		943E8A652714F729004E70FE /* Model */ = {
			isa = PBXGroup;
			children = (
				943E8A6C2714FFDA004E70FE /* ammoData.swift */,
			);
			path = Model;
			sourceTree = "<group>";
		};
		943E8A662714F747004E70FE /* jsonFiles */ = {
			isa = PBXGroup;
			children = (
				943E8A672714F756004E70FE /* ammo */,
			);
			path = jsonFiles;
			sourceTree = "<group>";
		};
		943E8A672714F756004E70FE /* ammo */ = {
			isa = PBXGroup;
			children = (
				943E8A6A2714FC63004E70FE /* allAmmo.json */,
			);
			path = ammo;
			sourceTree = "<group>";
		};
/* End PBXGroup section */

/* Begin PBXNativeTarget section */
		943E8A4A2714F656004E70FE /* crispy-computing-appv2 */ = {
			isa = PBXNativeTarget;
			buildConfigurationList = 943E8A5F2714F65A004E70FE /* Build configuration list for PBXNativeTarget "crispy-computing-appv2" */;
			buildPhases = (
				943E8A472714F656004E70FE /* Sources */,
				943E8A482714F656004E70FE /* Frameworks */,
				943E8A492714F656004E70FE /* Resources */,
			);
			buildRules = (
			);
			dependencies = (
			);
			name = "crispy-computing-appv2";
			productName = "crispy-computing-appv2";
			productReference = 943E8A4B2714F656004E70FE /* crispy-computing-appv2.app */;
			productType = "com.apple.product-type.application";
		};
/* End PBXNativeTarget section */

/* Begin PBXProject section */
		943E8A432714F656004E70FE /* Project object */ = {
			isa = PBXProject;
			attributes = {
				BuildIndependentTargetsInParallel = 1;
				LastSwiftUpdateCheck = 1300;
				LastUpgradeCheck = 1300;
				TargetAttributes = {
					943E8A4A2714F656004E70FE = {
						CreatedOnToolsVersion = 13.0;
					};
				};
			};
			buildConfigurationList = 943E8A462714F656004E70FE /* Build configuration list for PBXProject "crispy-computing-appv2" */;
			compatibilityVersion = "Xcode 13.0";
			developmentRegion = en;
			hasScannedForEncodings = 0;
			knownRegions = (
				en,
				Base,
			);
			mainGroup = 943E8A422714F656004E70FE;
			productRefGroup = 943E8A4C2714F656004E70FE /* Products */;
			projectDirPath = "";
			projectRoot = "";
			targets = (
				943E8A4A2714F656004E70FE /* crispy-computing-appv2 */,
			);
		};
/* End PBXProject section */

/* Begin PBXResourcesBuildPhase section */
		943E8A492714F656004E70FE /* Resources */ = {
			isa = PBXResourcesBuildPhase;
			buildActionMask = 2147483647;
			files = (
				943E8A5B2714F65A004E70FE /* LaunchScreen.storyboard in Resources */,
				943E8A582714F65A004E70FE /* Assets.xcassets in Resources */,
				943E8A562714F656004E70FE /* Main.storyboard in Resources */,
				943E8A6B2714FC63004E70FE /* allAmmo.json in Resources */,
			);
			runOnlyForDeploymentPostprocessing = 0;
		};
/* End PBXResourcesBuildPhase section */

/* Begin PBXSourcesBuildPhase section */
		943E8A472714F656004E70FE /* Sources */ = {
			isa = PBXSourcesBuildPhase;
			buildActionMask = 2147483647;
			files = (
				940374372717ABDD00713A78 /* ProductViewController.swift in Sources */,
				943E8A532714F656004E70FE /* productSelectionViewController.swift in Sources */,
				943E8A6D2714FFDA004E70FE /* ammoData.swift in Sources */,
				9403743B2717B1D300713A78 /* CustomTableViewCell.swift in Sources */,
				943E8A4F2714F656004E70FE /* AppDelegate.swift in Sources */,
				940374392717AEA000713A78 /* searchBarHelp.swift in Sources */,
				9403743D2717B2E700713A78 /* ImageClient.swift in Sources */,
				943E8A512714F656004E70FE /* SceneDelegate.swift in Sources */,
			);
			runOnlyForDeploymentPostprocessing = 0;
		};
/* End PBXSourcesBuildPhase section */

/* Begin PBXVariantGroup section */
		943E8A542714F656004E70FE /* Main.storyboard */ = {
			isa = PBXVariantGroup;
			children = (
				943E8A552714F656004E70FE /* Base */,
			);
			name = Main.storyboard;
			sourceTree = "<group>";
		};
		943E8A592714F65A004E70FE /* LaunchScreen.storyboard */ = {
			isa = PBXVariantGroup;
			children = (
				943E8A5A2714F65A004E70FE /* Base */,
			);
			name = LaunchScreen.storyboard;
			sourceTree = "<group>";
		};
/* End PBXVariantGroup section */

/* Begin XCBuildConfiguration section */
		943E8A5D2714F65A004E70FE /* Debug */ = {
			isa = XCBuildConfiguration;
			buildSettings = {
				ALWAYS_SEARCH_USER_PATHS = NO;
				CLANG_ANALYZER_NONNULL = YES;
				CLANG_ANALYZER_NUMBER_OBJECT_CONVERSION = YES_AGGRESSIVE;
				CLANG_CXX_LANGUAGE_STANDARD = "gnu++17";
				CLANG_CXX_LIBRARY = "libc++";
				CLANG_ENABLE_MODULES = YES;
				CLANG_ENABLE_OBJC_ARC = YES;
				CLANG_ENABLE_OBJC_WEAK = YES;
				CLANG_WARN_BLOCK_CAPTURE_AUTORELEASING = YES;
				CLANG_WARN_BOOL_CONVERSION = YES;
				CLANG_WARN_COMMA = YES;
				CLANG_WARN_CONSTANT_CONVERSION = YES;
				CLANG_WARN_DEPRECATED_OBJC_IMPLEMENTATIONS = YES;
				CLANG_WARN_DIRECT_OBJC_ISA_USAGE = YES_ERROR;
				CLANG_WARN_DOCUMENTATION_COMMENTS = YES;
				CLANG_WARN_EMPTY_BODY = YES;
				CLANG_WARN_ENUM_CONVERSION = YES;
				CLANG_WARN_INFINITE_RECURSION = YES;
				CLANG_WARN_INT_CONVERSION = YES;
				CLANG_WARN_NON_LITERAL_NULL_CONVERSION = YES;
				CLANG_WARN_OBJC_IMPLICIT_RETAIN_SELF = YES;
				CLANG_WARN_OBJC_LITERAL_CONVERSION = YES;
				CLANG_WARN_OBJC_ROOT_CLASS = YES_ERROR;
				CLANG_WARN_QUOTED_INCLUDE_IN_FRAMEWORK_HEADER = YES;
				CLANG_WARN_RANGE_LOOP_ANALYSIS = YES;
				CLANG_WARN_STRICT_PROTOTYPES = YES;
				CLANG_WARN_SUSPICIOUS_MOVE = YES;
				CLANG_WARN_UNGUARDED_AVAILABILITY = YES_AGGRESSIVE;
				CLANG_WARN_UNREACHABLE_CODE = YES;
				CLANG_WARN__DUPLICATE_METHOD_MATCH = YES;
				COPY_PHASE_STRIP = NO;
				DEBUG_INFORMATION_FORMAT = dwarf;
				ENABLE_STRICT_OBJC_MSGSEND = YES;
				ENABLE_TESTABILITY = YES;
				GCC_C_LANGUAGE_STANDARD = gnu11;
				GCC_DYNAMIC_NO_PIC = NO;
				GCC_NO_COMMON_BLOCKS = YES;
				GCC_OPTIMIZATION_LEVEL = 0;
				GCC_PREPROCESSOR_DEFINITIONS = (
					"DEBUG=1",
					"$(inherited)",
				);
				GCC_WARN_64_TO_32_BIT_CONVERSION = YES;
				GCC_WARN_ABOUT_RETURN_TYPE = YES_ERROR;
				GCC_WARN_UNDECLARED_SELECTOR = YES;
				GCC_WARN_UNINITIALIZED_AUTOS = YES_AGGRESSIVE;
				GCC_WARN_UNUSED_FUNCTION = YES;
				GCC_WARN_UNUSED_VARIABLE = YES;
				IPHONEOS_DEPLOYMENT_TARGET = 15.0;
				MTL_ENABLE_DEBUG_INFO = INCLUDE_SOURCE;
				MTL_FAST_MATH = YES;
				ONLY_ACTIVE_ARCH = YES;
				SDKROOT = iphoneos;
				SWIFT_ACTIVE_COMPILATION_CONDITIONS = DEBUG;
				SWIFT_OPTIMIZATION_LEVEL = "-Onone";
			};
			name = Debug;
		};
		943E8A5E2714F65A004E70FE /* Release */ = {
			isa = XCBuildConfiguration;
			buildSettings = {
				ALWAYS_SEARCH_USER_PATHS = NO;
				CLANG_ANALYZER_NONNULL = YES;
				CLANG_ANALYZER_NUMBER_OBJECT_CONVERSION = YES_AGGRESSIVE;
				CLANG_CXX_LANGUAGE_STANDARD = "gnu++17";
				CLANG_CXX_LIBRARY = "libc++";
				CLANG_ENABLE_MODULES = YES;
				CLANG_ENABLE_OBJC_ARC = YES;
				CLANG_ENABLE_OBJC_WEAK = YES;
				CLANG_WARN_BLOCK_CAPTURE_AUTORELEASING = YES;
				CLANG_WARN_BOOL_CONVERSION = YES;
				CLANG_WARN_COMMA = YES;
				CLANG_WARN_CONSTANT_CONVERSION = YES;
				CLANG_WARN_DEPRECATED_OBJC_IMPLEMENTATIONS = YES;
				CLANG_WARN_DIRECT_OBJC_ISA_USAGE = YES_ERROR;
				CLANG_WARN_DOCUMENTATION_COMMENTS = YES;
				CLANG_WARN_EMPTY_BODY = YES;
				CLANG_WARN_ENUM_CONVERSION = YES;
				CLANG_WARN_INFINITE_RECURSION = YES;
				CLANG_WARN_INT_CONVERSION = YES;
				CLANG_WARN_NON_LITERAL_NULL_CONVERSION = YES;
				CLANG_WARN_OBJC_IMPLICIT_RETAIN_SELF = YES;
				CLANG_WARN_OBJC_LITERAL_CONVERSION = YES;
				CLANG_WARN_OBJC_ROOT_CLASS = YES_ERROR;
				CLANG_WARN_QUOTED_INCLUDE_IN_FRAMEWORK_HEADER = YES;
				CLANG_WARN_RANGE_LOOP_ANALYSIS = YES;
				CLANG_WARN_STRICT_PROTOTYPES = YES;
				CLANG_WARN_SUSPICIOUS_MOVE = YES;
				CLANG_WARN_UNGUARDED_AVAILABILITY = YES_AGGRESSIVE;
				CLANG_WARN_UNREACHABLE_CODE = YES;
				CLANG_WARN__DUPLICATE_METHOD_MATCH = YES;
				COPY_PHASE_STRIP = NO;
				DEBUG_INFORMATION_FORMAT = "dwarf-with-dsym";
				ENABLE_NS_ASSERTIONS = NO;
				ENABLE_STRICT_OBJC_MSGSEND = YES;
				GCC_C_LANGUAGE_STANDARD = gnu11;
				GCC_NO_COMMON_BLOCKS = YES;
				GCC_WARN_64_TO_32_BIT_CONVERSION = YES;
				GCC_WARN_ABOUT_RETURN_TYPE = YES_ERROR;
				GCC_WARN_UNDECLARED_SELECTOR = YES;
				GCC_WARN_UNINITIALIZED_AUTOS = YES_AGGRESSIVE;
				GCC_WARN_UNUSED_FUNCTION = YES;
				GCC_WARN_UNUSED_VARIABLE = YES;
				IPHONEOS_DEPLOYMENT_TARGET = 15.0;
				MTL_ENABLE_DEBUG_INFO = NO;
				MTL_FAST_MATH = YES;
				SDKROOT = iphoneos;
				SWIFT_COMPILATION_MODE = wholemodule;
				SWIFT_OPTIMIZATION_LEVEL = "-O";
				VALIDATE_PRODUCT = YES;
			};
			name = Release;
		};
		943E8A602714F65A004E70FE /* Debug */ = {
			isa = XCBuildConfiguration;
			buildSettings = {
				ASSETCATALOG_COMPILER_APPICON_NAME = AppIcon;
				ASSETCATALOG_COMPILER_GLOBAL_ACCENT_COLOR_NAME = AccentColor;
				CODE_SIGN_STYLE = Automatic;
				CURRENT_PROJECT_VERSION = 1;
				DEVELOPMENT_TEAM = Z4V4D6Q5VP;
				GENERATE_INFOPLIST_FILE = YES;
				INFOPLIST_FILE = "crispy-computing-appv2/Info.plist";
				INFOPLIST_KEY_UIApplicationSupportsIndirectInputEvents = YES;
				INFOPLIST_KEY_UILaunchStoryboardName = LaunchScreen;
				INFOPLIST_KEY_UIMainStoryboardFile = Main;
				INFOPLIST_KEY_UISupportedInterfaceOrientations_iPad = "UIInterfaceOrientationPortrait UIInterfaceOrientationPortraitUpsideDown UIInterfaceOrientationLandscapeLeft UIInterfaceOrientationLandscapeRight";
				INFOPLIST_KEY_UISupportedInterfaceOrientations_iPhone = "UIInterfaceOrientationPortrait UIInterfaceOrientationLandscapeLeft UIInterfaceOrientationLandscapeRight";
				LD_RUNPATH_SEARCH_PATHS = (
					"$(inherited)",
					"@executable_path/Frameworks",
				);
				MARKETING_VERSION = 1.0;
				PRODUCT_BUNDLE_IDENTIFIER = "chakanezshegog-gmail.com.crispy-computing-appv2";
				PRODUCT_NAME = "$(TARGET_NAME)";
				SWIFT_EMIT_LOC_STRINGS = YES;
				SWIFT_VERSION = 5.0;
				TARGETED_DEVICE_FAMILY = "1,2";
			};
			name = Debug;
		};
		943E8A612714F65A004E70FE /* Release */ = {
			isa = XCBuildConfiguration;
			buildSettings = {
				ASSETCATALOG_COMPILER_APPICON_NAME = AppIcon;
				ASSETCATALOG_COMPILER_GLOBAL_ACCENT_COLOR_NAME = AccentColor;
				CODE_SIGN_STYLE = Automatic;
				CURRENT_PROJECT_VERSION = 1;
				DEVELOPMENT_TEAM = Z4V4D6Q5VP;
				GENERATE_INFOPLIST_FILE = YES;
				INFOPLIST_FILE = "crispy-computing-appv2/Info.plist";
				INFOPLIST_KEY_UIApplicationSupportsIndirectInputEvents = YES;
				INFOPLIST_KEY_UILaunchStoryboardName = LaunchScreen;
				INFOPLIST_KEY_UIMainStoryboardFile = Main;
				INFOPLIST_KEY_UISupportedInterfaceOrientations_iPad = "UIInterfaceOrientationPortrait UIInterfaceOrientationPortraitUpsideDown UIInterfaceOrientationLandscapeLeft UIInterfaceOrientationLandscapeRight";
				INFOPLIST_KEY_UISupportedInterfaceOrientations_iPhone = "UIInterfaceOrientationPortrait UIInterfaceOrientationLandscapeLeft UIInterfaceOrientationLandscapeRight";
				LD_RUNPATH_SEARCH_PATHS = (
					"$(inherited)",
					"@executable_path/Frameworks",
				);
				MARKETING_VERSION = 1.0;
				PRODUCT_BUNDLE_IDENTIFIER = "chakanezshegog-gmail.com.crispy-computing-appv2";
				PRODUCT_NAME = "$(TARGET_NAME)";
				SWIFT_EMIT_LOC_STRINGS = YES;
				SWIFT_VERSION = 5.0;
				TARGETED_DEVICE_FAMILY = "1,2";
			};
			name = Release;
		};
/* End XCBuildConfiguration section */

/* Begin XCConfigurationList section */
		943E8A462714F656004E70FE /* Build configuration list for PBXProject "crispy-computing-appv2" */ = {
			isa = XCConfigurationList;
			buildConfigurations = (
				943E8A5D2714F65A004E70FE /* Debug */,
				943E8A5E2714F65A004E70FE /* Release */,
			);
			defaultConfigurationIsVisible = 0;
			defaultConfigurationName = Release;
		};
		943E8A5F2714F65A004E70FE /* Build configuration list for PBXNativeTarget "crispy-computing-appv2" */ = {
			isa = XCConfigurationList;
			buildConfigurations = (
				943E8A602714F65A004E70FE /* Debug */,
				943E8A612714F65A004E70FE /* Release */,
			);
			defaultConfigurationIsVisible = 0;
			defaultConfigurationName = Release;
		};
/* End XCConfigurationList section */
	};
	rootObject = 943E8A432714F656004E70FE /* Project object */;
}
