// !$*UTF8*$!
{
	archiveVersion = 1;
	classes = {
	};
	objectVersion = 51;
	objects = {

/* Begin PBXBuildFile section */
		498AEE298866BF2A4418A8F3 /* Pods_crispy_computing_app_crispy_computing_appUITests.framework in Frameworks */ = {isa = PBXBuildFile; fileRef = 9F12A5EB76BD05AADFEC24BB /* Pods_crispy_computing_app_crispy_computing_appUITests.framework */; };
		8611E767F4D9FB9D5E437FC6 /* Pods_crispy_computing_appTests.framework in Frameworks */ = {isa = PBXBuildFile; fileRef = ACBF5DBAF3CD6F9CD88C6DF2 /* Pods_crispy_computing_appTests.framework */; };
		940E952A270CDF2400344C72 /* GoogleService-Info.plist in Resources */ = {isa = PBXBuildFile; fileRef = 940E9529270CDF2400344C72 /* GoogleService-Info.plist */; };
		9421CB8B270FABC8009EFA2E /* firebaseSend.swift in Sources */ = {isa = PBXBuildFile; fileRef = 9421CB8A270FABC8009EFA2E /* firebaseSend.swift */; };
		9440C53027085C0D00BFF8B1 /* ImageClient.swift in Sources */ = {isa = PBXBuildFile; fileRef = 9440C52F27085C0D00BFF8B1 /* ImageClient.swift */; };
		944D571226F3FF3400C0B044 /* CheaperThanDirtData.swift in Sources */ = {isa = PBXBuildFile; fileRef = 944D571126F3FF3400C0B044 /* CheaperThanDirtData.swift */; };
		9484AB8427017D1B005FC353 /* customProductCell.swift in Sources */ = {isa = PBXBuildFile; fileRef = 9484AB8327017D1B005FC353 /* customProductCell.swift */; };
		9484AB862701804D005FC353 /* productSelectionViewController.swift in Sources */ = {isa = PBXBuildFile; fileRef = 9484AB852701804D005FC353 /* productSelectionViewController.swift */; };
		949B420E270A475300CCAC62 /* CTDShotgunAmmo.json in Resources */ = {isa = PBXBuildFile; fileRef = 949B420D270A475300CCAC62 /* CTDShotgunAmmo.json */; };
		949B4211270A55CA00CCAC62 /* productDetailViewController.swift in Sources */ = {isa = PBXBuildFile; fileRef = 949B4210270A55CA00CCAC62 /* productDetailViewController.swift */; };
		94A39B7027011E0F000C43B4 /* LGHandgunAmmo.json in Resources */ = {isa = PBXBuildFile; fileRef = 94A39B6F27011E0F000C43B4 /* LGHandgunAmmo.json */; };
		94A39B7227011E28000C43B4 /* LGRifleAmmo.json in Resources */ = {isa = PBXBuildFile; fileRef = 94A39B7127011E28000C43B4 /* LGRifleAmmo.json */; };
		94A39B7427011E3D000C43B4 /* LGShotgunAmmo.json in Resources */ = {isa = PBXBuildFile; fileRef = 94A39B7327011E3D000C43B4 /* LGShotgunAmmo.json */; };
		94A39B7727013994000C43B4 /* CTDHandgunAmmo.json in Resources */ = {isa = PBXBuildFile; fileRef = 94A39B7627013994000C43B4 /* CTDHandgunAmmo.json */; };
		94A39B7B270139C9000C43B4 /* CTDRifleAmmo.json in Resources */ = {isa = PBXBuildFile; fileRef = 94A39B7A270139C9000C43B4 /* CTDRifleAmmo.json */; };
		94E8AD8126F2E097009478C2 /* AppDelegate.swift in Sources */ = {isa = PBXBuildFile; fileRef = 94E8AD8026F2E097009478C2 /* AppDelegate.swift */; };
		94E8AD8326F2E097009478C2 /* SceneDelegate.swift in Sources */ = {isa = PBXBuildFile; fileRef = 94E8AD8226F2E097009478C2 /* SceneDelegate.swift */; };
		94E8AD8526F2E097009478C2 /* productViewController.swift in Sources */ = {isa = PBXBuildFile; fileRef = 94E8AD8426F2E097009478C2 /* productViewController.swift */; };
		94E8AD8826F2E097009478C2 /* Main.storyboard in Resources */ = {isa = PBXBuildFile; fileRef = 94E8AD8626F2E097009478C2 /* Main.storyboard */; };
		94E8AD8A26F2E099009478C2 /* Assets.xcassets in Resources */ = {isa = PBXBuildFile; fileRef = 94E8AD8926F2E099009478C2 /* Assets.xcassets */; };
		94E8AD8D26F2E099009478C2 /* LaunchScreen.storyboard in Resources */ = {isa = PBXBuildFile; fileRef = 94E8AD8B26F2E099009478C2 /* LaunchScreen.storyboard */; };
		94E8AD9826F2E099009478C2 /* crispy_computing_appTests.swift in Sources */ = {isa = PBXBuildFile; fileRef = 94E8AD9726F2E099009478C2 /* crispy_computing_appTests.swift */; };
		94E8ADA326F2E099009478C2 /* crispy_computing_appUITests.swift in Sources */ = {isa = PBXBuildFile; fileRef = 94E8ADA226F2E099009478C2 /* crispy_computing_appUITests.swift */; };
		951BEBB9EA02D30E47BC697B /* Pods_crispy_computing_app.framework in Frameworks */ = {isa = PBXBuildFile; fileRef = 31BCC939589733CDBED1A275 /* Pods_crispy_computing_app.framework */; };
/* End PBXBuildFile section */

/* Begin PBXContainerItemProxy section */
		94E8AD9426F2E099009478C2 /* PBXContainerItemProxy */ = {
			isa = PBXContainerItemProxy;
			containerPortal = 94E8AD7526F2E097009478C2 /* Project object */;
			proxyType = 1;
			remoteGlobalIDString = 94E8AD7C26F2E097009478C2;
			remoteInfo = "crispy-computing-app";
		};
		94E8AD9F26F2E099009478C2 /* PBXContainerItemProxy */ = {
			isa = PBXContainerItemProxy;
			containerPortal = 94E8AD7526F2E097009478C2 /* Project object */;
			proxyType = 1;
			remoteGlobalIDString = 94E8AD7C26F2E097009478C2;
			remoteInfo = "crispy-computing-app";
		};
/* End PBXContainerItemProxy section */

/* Begin PBXFileReference section */
		31BCC939589733CDBED1A275 /* Pods_crispy_computing_app.framework */ = {isa = PBXFileReference; explicitFileType = wrapper.framework; includeInIndex = 0; path = Pods_crispy_computing_app.framework; sourceTree = BUILT_PRODUCTS_DIR; };
		329CB67DE05E84F068C63A24 /* Pods-crispy-computing-app.debug.xcconfig */ = {isa = PBXFileReference; includeInIndex = 1; lastKnownFileType = text.xcconfig; name = "Pods-crispy-computing-app.debug.xcconfig"; path = "Target Support Files/Pods-crispy-computing-app/Pods-crispy-computing-app.debug.xcconfig"; sourceTree = "<group>"; };
		89869FCD612EF6594BDCC3C2 /* Pods-crispy-computing-app.release.xcconfig */ = {isa = PBXFileReference; includeInIndex = 1; lastKnownFileType = text.xcconfig; name = "Pods-crispy-computing-app.release.xcconfig"; path = "Target Support Files/Pods-crispy-computing-app/Pods-crispy-computing-app.release.xcconfig"; sourceTree = "<group>"; };
		940E9529270CDF2400344C72 /* GoogleService-Info.plist */ = {isa = PBXFileReference; fileEncoding = 4; lastKnownFileType = text.plist.xml; name = "GoogleService-Info.plist"; path = "../../../../Downloads/GoogleService-Info.plist"; sourceTree = "<group>"; };
		9421CB8A270FABC8009EFA2E /* firebaseSend.swift */ = {isa = PBXFileReference; lastKnownFileType = sourcecode.swift; path = firebaseSend.swift; sourceTree = "<group>"; };
		9440C52F27085C0D00BFF8B1 /* ImageClient.swift */ = {isa = PBXFileReference; lastKnownFileType = sourcecode.swift; path = ImageClient.swift; sourceTree = "<group>"; };
		944D571126F3FF3400C0B044 /* CheaperThanDirtData.swift */ = {isa = PBXFileReference; lastKnownFileType = sourcecode.swift; path = CheaperThanDirtData.swift; sourceTree = "<group>"; };
		9484AB8327017D1B005FC353 /* customProductCell.swift */ = {isa = PBXFileReference; lastKnownFileType = sourcecode.swift; path = customProductCell.swift; sourceTree = "<group>"; };
		9484AB852701804D005FC353 /* productSelectionViewController.swift */ = {isa = PBXFileReference; lastKnownFileType = sourcecode.swift; path = productSelectionViewController.swift; sourceTree = "<group>"; };
		949B420D270A475300CCAC62 /* CTDShotgunAmmo.json */ = {isa = PBXFileReference; lastKnownFileType = text.json; path = CTDShotgunAmmo.json; sourceTree = "<group>"; };
		949B4210270A55CA00CCAC62 /* productDetailViewController.swift */ = {isa = PBXFileReference; lastKnownFileType = sourcecode.swift; path = productDetailViewController.swift; sourceTree = "<group>"; };
		94A39B6F27011E0F000C43B4 /* LGHandgunAmmo.json */ = {isa = PBXFileReference; lastKnownFileType = text.json; path = LGHandgunAmmo.json; sourceTree = "<group>"; };
		94A39B7127011E28000C43B4 /* LGRifleAmmo.json */ = {isa = PBXFileReference; lastKnownFileType = text.json; path = LGRifleAmmo.json; sourceTree = "<group>"; };
		94A39B7327011E3D000C43B4 /* LGShotgunAmmo.json */ = {isa = PBXFileReference; lastKnownFileType = text.json; path = LGShotgunAmmo.json; sourceTree = "<group>"; };
		94A39B7627013994000C43B4 /* CTDHandgunAmmo.json */ = {isa = PBXFileReference; lastKnownFileType = text.json; path = CTDHandgunAmmo.json; sourceTree = "<group>"; };
		94A39B7A270139C9000C43B4 /* CTDRifleAmmo.json */ = {isa = PBXFileReference; lastKnownFileType = text.json; path = CTDRifleAmmo.json; sourceTree = "<group>"; };
		94E8AD7D26F2E097009478C2 /* crispy-computing-app.app */ = {isa = PBXFileReference; explicitFileType = wrapper.application; includeInIndex = 0; path = "crispy-computing-app.app"; sourceTree = BUILT_PRODUCTS_DIR; };
		94E8AD8026F2E097009478C2 /* AppDelegate.swift */ = {isa = PBXFileReference; lastKnownFileType = sourcecode.swift; path = AppDelegate.swift; sourceTree = "<group>"; };
		94E8AD8226F2E097009478C2 /* SceneDelegate.swift */ = {isa = PBXFileReference; lastKnownFileType = sourcecode.swift; path = SceneDelegate.swift; sourceTree = "<group>"; };
		94E8AD8426F2E097009478C2 /* productViewController.swift */ = {isa = PBXFileReference; lastKnownFileType = sourcecode.swift; path = productViewController.swift; sourceTree = "<group>"; };
		94E8AD8726F2E097009478C2 /* Base */ = {isa = PBXFileReference; lastKnownFileType = file.storyboard; name = Base; path = Base.lproj/Main.storyboard; sourceTree = "<group>"; };
		94E8AD8926F2E099009478C2 /* Assets.xcassets */ = {isa = PBXFileReference; lastKnownFileType = folder.assetcatalog; path = Assets.xcassets; sourceTree = "<group>"; };
		94E8AD8C26F2E099009478C2 /* Base */ = {isa = PBXFileReference; lastKnownFileType = file.storyboard; name = Base; path = Base.lproj/LaunchScreen.storyboard; sourceTree = "<group>"; };
		94E8AD8E26F2E099009478C2 /* Info.plist */ = {isa = PBXFileReference; lastKnownFileType = text.plist.xml; path = Info.plist; sourceTree = "<group>"; };
		94E8AD9326F2E099009478C2 /* crispy-computing-appTests.xctest */ = {isa = PBXFileReference; explicitFileType = wrapper.cfbundle; includeInIndex = 0; path = "crispy-computing-appTests.xctest"; sourceTree = BUILT_PRODUCTS_DIR; };
		94E8AD9726F2E099009478C2 /* crispy_computing_appTests.swift */ = {isa = PBXFileReference; lastKnownFileType = sourcecode.swift; path = crispy_computing_appTests.swift; sourceTree = "<group>"; };
		94E8AD9926F2E099009478C2 /* Info.plist */ = {isa = PBXFileReference; lastKnownFileType = text.plist.xml; path = Info.plist; sourceTree = "<group>"; };
		94E8AD9E26F2E099009478C2 /* crispy-computing-appUITests.xctest */ = {isa = PBXFileReference; explicitFileType = wrapper.cfbundle; includeInIndex = 0; path = "crispy-computing-appUITests.xctest"; sourceTree = BUILT_PRODUCTS_DIR; };
		94E8ADA226F2E099009478C2 /* crispy_computing_appUITests.swift */ = {isa = PBXFileReference; lastKnownFileType = sourcecode.swift; path = crispy_computing_appUITests.swift; sourceTree = "<group>"; };
		94E8ADA426F2E099009478C2 /* Info.plist */ = {isa = PBXFileReference; lastKnownFileType = text.plist.xml; path = Info.plist; sourceTree = "<group>"; };
		9F12A5EB76BD05AADFEC24BB /* Pods_crispy_computing_app_crispy_computing_appUITests.framework */ = {isa = PBXFileReference; explicitFileType = wrapper.framework; includeInIndex = 0; path = Pods_crispy_computing_app_crispy_computing_appUITests.framework; sourceTree = BUILT_PRODUCTS_DIR; };
		ACBF5DBAF3CD6F9CD88C6DF2 /* Pods_crispy_computing_appTests.framework */ = {isa = PBXFileReference; explicitFileType = wrapper.framework; includeInIndex = 0; path = Pods_crispy_computing_appTests.framework; sourceTree = BUILT_PRODUCTS_DIR; };
		C0E0812A7E29970384AD5B1D /* Pods-crispy-computing-appTests.release.xcconfig */ = {isa = PBXFileReference; includeInIndex = 1; lastKnownFileType = text.xcconfig; name = "Pods-crispy-computing-appTests.release.xcconfig"; path = "Target Support Files/Pods-crispy-computing-appTests/Pods-crispy-computing-appTests.release.xcconfig"; sourceTree = "<group>"; };
		C476A93B7C8E652A1EA6D55D /* Pods-crispy-computing-app-crispy-computing-appUITests.debug.xcconfig */ = {isa = PBXFileReference; includeInIndex = 1; lastKnownFileType = text.xcconfig; name = "Pods-crispy-computing-app-crispy-computing-appUITests.debug.xcconfig"; path = "Target Support Files/Pods-crispy-computing-app-crispy-computing-appUITests/Pods-crispy-computing-app-crispy-computing-appUITests.debug.xcconfig"; sourceTree = "<group>"; };
		CE992D7C062456D682561453 /* Pods-crispy-computing-app-crispy-computing-appUITests.release.xcconfig */ = {isa = PBXFileReference; includeInIndex = 1; lastKnownFileType = text.xcconfig; name = "Pods-crispy-computing-app-crispy-computing-appUITests.release.xcconfig"; path = "Target Support Files/Pods-crispy-computing-app-crispy-computing-appUITests/Pods-crispy-computing-app-crispy-computing-appUITests.release.xcconfig"; sourceTree = "<group>"; };
		FB356F8C748F6A10B6043DDC /* Pods-crispy-computing-appTests.debug.xcconfig */ = {isa = PBXFileReference; includeInIndex = 1; lastKnownFileType = text.xcconfig; name = "Pods-crispy-computing-appTests.debug.xcconfig"; path = "Target Support Files/Pods-crispy-computing-appTests/Pods-crispy-computing-appTests.debug.xcconfig"; sourceTree = "<group>"; };
/* End PBXFileReference section */

/* Begin PBXFrameworksBuildPhase section */
		94E8AD7A26F2E097009478C2 /* Frameworks */ = {
			isa = PBXFrameworksBuildPhase;
			buildActionMask = 2147483647;
			files = (
				951BEBB9EA02D30E47BC697B /* Pods_crispy_computing_app.framework in Frameworks */,
			);
			runOnlyForDeploymentPostprocessing = 0;
		};
		94E8AD9026F2E099009478C2 /* Frameworks */ = {
			isa = PBXFrameworksBuildPhase;
			buildActionMask = 2147483647;
			files = (
				8611E767F4D9FB9D5E437FC6 /* Pods_crispy_computing_appTests.framework in Frameworks */,
			);
			runOnlyForDeploymentPostprocessing = 0;
		};
		94E8AD9B26F2E099009478C2 /* Frameworks */ = {
			isa = PBXFrameworksBuildPhase;
			buildActionMask = 2147483647;
			files = (
				498AEE298866BF2A4418A8F3 /* Pods_crispy_computing_app_crispy_computing_appUITests.framework in Frameworks */,
			);
			runOnlyForDeploymentPostprocessing = 0;
		};
/* End PBXFrameworksBuildPhase section */

/* Begin PBXGroup section */
		698FC81FD2A6506BA0833A44 /* Pods */ = {
			isa = PBXGroup;
			children = (
				329CB67DE05E84F068C63A24 /* Pods-crispy-computing-app.debug.xcconfig */,
				89869FCD612EF6594BDCC3C2 /* Pods-crispy-computing-app.release.xcconfig */,
				C476A93B7C8E652A1EA6D55D /* Pods-crispy-computing-app-crispy-computing-appUITests.debug.xcconfig */,
				CE992D7C062456D682561453 /* Pods-crispy-computing-app-crispy-computing-appUITests.release.xcconfig */,
				FB356F8C748F6A10B6043DDC /* Pods-crispy-computing-appTests.debug.xcconfig */,
				C0E0812A7E29970384AD5B1D /* Pods-crispy-computing-appTests.release.xcconfig */,
			);
			path = Pods;
			sourceTree = "<group>";
		};
		8156F27B136F75228B82EBF0 /* Frameworks */ = {
			isa = PBXGroup;
			children = (
				31BCC939589733CDBED1A275 /* Pods_crispy_computing_app.framework */,
				9F12A5EB76BD05AADFEC24BB /* Pods_crispy_computing_app_crispy_computing_appUITests.framework */,
				ACBF5DBAF3CD6F9CD88C6DF2 /* Pods_crispy_computing_appTests.framework */,
			);
			name = Frameworks;
			sourceTree = "<group>";
		};
		949B420F270A550A00CCAC62 /* viewControllers + customFiles */ = {
			isa = PBXGroup;
			children = (
				9484AB852701804D005FC353 /* productSelectionViewController.swift */,
				9484AB8327017D1B005FC353 /* customProductCell.swift */,
				94E8AD8426F2E097009478C2 /* productViewController.swift */,
				949B4210270A55CA00CCAC62 /* productDetailViewController.swift */,
			);
			path = "viewControllers + customFiles";
			sourceTree = "<group>";
		};
		94A39B7527013815000C43B4 /* ammo */ = {
			isa = PBXGroup;
			children = (
				94A39B7627013994000C43B4 /* CTDHandgunAmmo.json */,
				94A39B7A270139C9000C43B4 /* CTDRifleAmmo.json */,
				949B420D270A475300CCAC62 /* CTDShotgunAmmo.json */,
			);
			path = ammo;
			sourceTree = "<group>";
		};
		94AB400226FD9A9D00628645 /* cheaperThenDirt */ = {
			isa = PBXGroup;
			children = (
				94A39B7527013815000C43B4 /* ammo */,
			);
			path = cheaperThenDirt;
			sourceTree = "<group>";
		};
		94AB400626FD9B4F00628645 /* luckyGunner */ = {
			isa = PBXGroup;
			children = (
				94AB401026FDAE8E00628645 /* arms */,
				94AB400F26FDAE8800628645 /* ammo */,
			);
			path = luckyGunner;
			sourceTree = "<group>";
		};
		94AB400F26FDAE8800628645 /* ammo */ = {
			isa = PBXGroup;
			children = (
				94A39B6F27011E0F000C43B4 /* LGHandgunAmmo.json */,
				94A39B7127011E28000C43B4 /* LGRifleAmmo.json */,
				94A39B7327011E3D000C43B4 /* LGShotgunAmmo.json */,
			);
			path = ammo;
			sourceTree = "<group>";
		};
		94AB401026FDAE8E00628645 /* arms */ = {
			isa = PBXGroup;
			children = (
			);
			path = arms;
			sourceTree = "<group>";
		};
		94E8AD7426F2E097009478C2 = {
			isa = PBXGroup;
			children = (
				94E8AD7F26F2E097009478C2 /* crispy-computing-app */,
				94E8AD9626F2E099009478C2 /* crispy-computing-appTests */,
				94E8ADA126F2E099009478C2 /* crispy-computing-appUITests */,
				94E8AD7E26F2E097009478C2 /* Products */,
				698FC81FD2A6506BA0833A44 /* Pods */,
				8156F27B136F75228B82EBF0 /* Frameworks */,
			);
			sourceTree = "<group>";
		};
		94E8AD7E26F2E097009478C2 /* Products */ = {
			isa = PBXGroup;
			children = (
				94E8AD7D26F2E097009478C2 /* crispy-computing-app.app */,
				94E8AD9326F2E099009478C2 /* crispy-computing-appTests.xctest */,
				94E8AD9E26F2E099009478C2 /* crispy-computing-appUITests.xctest */,
			);
			name = Products;
			sourceTree = "<group>";
		};
		94E8AD7F26F2E097009478C2 /* crispy-computing-app */ = {
			isa = PBXGroup;
			children = (
				949B420F270A550A00CCAC62 /* viewControllers + customFiles */,
				94E8ADB026F2E134009478C2 /* jsonFiles */,
				94E8AD8026F2E097009478C2 /* AppDelegate.swift */,
				9440C52F27085C0D00BFF8B1 /* ImageClient.swift */,
				94E8AD8226F2E097009478C2 /* SceneDelegate.swift */,
				944D571126F3FF3400C0B044 /* CheaperThanDirtData.swift */,
				94E8AD8626F2E097009478C2 /* Main.storyboard */,
				94E8AD8926F2E099009478C2 /* Assets.xcassets */,
				94E8AD8B26F2E099009478C2 /* LaunchScreen.storyboard */,
				94E8AD8E26F2E099009478C2 /* Info.plist */,
				940E9529270CDF2400344C72 /* GoogleService-Info.plist */,
				9421CB8A270FABC8009EFA2E /* firebaseSend.swift */,
			);
			path = "crispy-computing-app";
			sourceTree = "<group>";
		};
		94E8AD9626F2E099009478C2 /* crispy-computing-appTests */ = {
			isa = PBXGroup;
			children = (
				94E8AD9726F2E099009478C2 /* crispy_computing_appTests.swift */,
				94E8AD9926F2E099009478C2 /* Info.plist */,
			);
			path = "crispy-computing-appTests";
			sourceTree = "<group>";
		};
		94E8ADA126F2E099009478C2 /* crispy-computing-appUITests */ = {
			isa = PBXGroup;
			children = (
				94E8ADA226F2E099009478C2 /* crispy_computing_appUITests.swift */,
				94E8ADA426F2E099009478C2 /* Info.plist */,
			);
			path = "crispy-computing-appUITests";
			sourceTree = "<group>";
		};
		94E8ADB026F2E134009478C2 /* jsonFiles */ = {
			isa = PBXGroup;
			children = (
				94AB400626FD9B4F00628645 /* luckyGunner */,
				94AB400226FD9A9D00628645 /* cheaperThenDirt */,
			);
			name = jsonFiles;
			path = "crispy-computing-app/jsonFiles";
			sourceTree = SOURCE_ROOT;
		};
/* End PBXGroup section */

/* Begin PBXNativeTarget section */
		94E8AD7C26F2E097009478C2 /* crispy-computing-app */ = {
			isa = PBXNativeTarget;
			buildConfigurationList = 94E8ADA726F2E099009478C2 /* Build configuration list for PBXNativeTarget "crispy-computing-app" */;
			buildPhases = (
				E5DC9BE334819297337A7E1E /* [CP] Check Pods Manifest.lock */,
				94E8AD7926F2E097009478C2 /* Sources */,
				94E8AD7A26F2E097009478C2 /* Frameworks */,
				94E8AD7B26F2E097009478C2 /* Resources */,
				54439F97F517B0126649FBFB /* [CP] Embed Pods Frameworks */,
			);
			buildRules = (
			);
			dependencies = (
			);
			name = "crispy-computing-app";
			productName = "crispy-computing-app";
			productReference = 94E8AD7D26F2E097009478C2 /* crispy-computing-app.app */;
			productType = "com.apple.product-type.application";
		};
		94E8AD9226F2E099009478C2 /* crispy-computing-appTests */ = {
			isa = PBXNativeTarget;
			buildConfigurationList = 94E8ADAA26F2E099009478C2 /* Build configuration list for PBXNativeTarget "crispy-computing-appTests" */;
			buildPhases = (
				C5A747259C4DA19B3665C8CE /* [CP] Check Pods Manifest.lock */,
				94E8AD8F26F2E099009478C2 /* Sources */,
				94E8AD9026F2E099009478C2 /* Frameworks */,
				94E8AD9126F2E099009478C2 /* Resources */,
			);
			buildRules = (
			);
			dependencies = (
				94E8AD9526F2E099009478C2 /* PBXTargetDependency */,
			);
			name = "crispy-computing-appTests";
			productName = "crispy-computing-appTests";
			productReference = 94E8AD9326F2E099009478C2 /* crispy-computing-appTests.xctest */;
			productType = "com.apple.product-type.bundle.unit-test";
		};
		94E8AD9D26F2E099009478C2 /* crispy-computing-appUITests */ = {
			isa = PBXNativeTarget;
			buildConfigurationList = 94E8ADAD26F2E099009478C2 /* Build configuration list for PBXNativeTarget "crispy-computing-appUITests" */;
			buildPhases = (
				CC454242C6C6BAAE44F7D602 /* [CP] Check Pods Manifest.lock */,
				94E8AD9A26F2E099009478C2 /* Sources */,
				94E8AD9B26F2E099009478C2 /* Frameworks */,
				94E8AD9C26F2E099009478C2 /* Resources */,
				EB95F0782D0AD6252874CF78 /* [CP] Embed Pods Frameworks */,
			);
			buildRules = (
			);
			dependencies = (
				94E8ADA026F2E099009478C2 /* PBXTargetDependency */,
			);
			name = "crispy-computing-appUITests";
			productName = "crispy-computing-appUITests";
			productReference = 94E8AD9E26F2E099009478C2 /* crispy-computing-appUITests.xctest */;
			productType = "com.apple.product-type.bundle.ui-testing";
		};
/* End PBXNativeTarget section */

/* Begin PBXProject section */
		94E8AD7526F2E097009478C2 /* Project object */ = {
			isa = PBXProject;
			attributes = {
				LastSwiftUpdateCheck = 1250;
				LastUpgradeCheck = 1250;
				TargetAttributes = {
					94E8AD7C26F2E097009478C2 = {
						CreatedOnToolsVersion = 12.5.1;
					};
					94E8AD9226F2E099009478C2 = {
						CreatedOnToolsVersion = 12.5.1;
						TestTargetID = 94E8AD7C26F2E097009478C2;
					};
					94E8AD9D26F2E099009478C2 = {
						CreatedOnToolsVersion = 12.5.1;
						TestTargetID = 94E8AD7C26F2E097009478C2;
					};
				};
			};
			buildConfigurationList = 94E8AD7826F2E097009478C2 /* Build configuration list for PBXProject "crispy-computing-app" */;
			compatibilityVersion = "Xcode 9.3";
			developmentRegion = en;
			hasScannedForEncodings = 0;
			knownRegions = (
				en,
				Base,
			);
			mainGroup = 94E8AD7426F2E097009478C2;
			productRefGroup = 94E8AD7E26F2E097009478C2 /* Products */;
			projectDirPath = "";
			projectRoot = "";
			targets = (
				94E8AD7C26F2E097009478C2 /* crispy-computing-app */,
				94E8AD9226F2E099009478C2 /* crispy-computing-appTests */,
				94E8AD9D26F2E099009478C2 /* crispy-computing-appUITests */,
			);
		};
/* End PBXProject section */

/* Begin PBXResourcesBuildPhase section */
		94E8AD7B26F2E097009478C2 /* Resources */ = {
			isa = PBXResourcesBuildPhase;
			buildActionMask = 2147483647;
			files = (
				94E8AD8D26F2E099009478C2 /* LaunchScreen.storyboard in Resources */,
				94A39B7727013994000C43B4 /* CTDHandgunAmmo.json in Resources */,
				94A39B7427011E3D000C43B4 /* LGShotgunAmmo.json in Resources */,
				94E8AD8A26F2E099009478C2 /* Assets.xcassets in Resources */,
				94E8AD8826F2E097009478C2 /* Main.storyboard in Resources */,
				949B420E270A475300CCAC62 /* CTDShotgunAmmo.json in Resources */,
				94A39B7B270139C9000C43B4 /* CTDRifleAmmo.json in Resources */,
				940E952A270CDF2400344C72 /* GoogleService-Info.plist in Resources */,
				94A39B7027011E0F000C43B4 /* LGHandgunAmmo.json in Resources */,
				94A39B7227011E28000C43B4 /* LGRifleAmmo.json in Resources */,
			);
			runOnlyForDeploymentPostprocessing = 0;
		};
		94E8AD9126F2E099009478C2 /* Resources */ = {
			isa = PBXResourcesBuildPhase;
			buildActionMask = 2147483647;
			files = (
			);
			runOnlyForDeploymentPostprocessing = 0;
		};
		94E8AD9C26F2E099009478C2 /* Resources */ = {
			isa = PBXResourcesBuildPhase;
			buildActionMask = 2147483647;
			files = (
			);
			runOnlyForDeploymentPostprocessing = 0;
		};
/* End PBXResourcesBuildPhase section */

/* Begin PBXShellScriptBuildPhase section */
		54439F97F517B0126649FBFB /* [CP] Embed Pods Frameworks */ = {
			isa = PBXShellScriptBuildPhase;
			buildActionMask = 2147483647;
			files = (
			);
			inputFileListPaths = (
				"${PODS_ROOT}/Target Support Files/Pods-crispy-computing-app/Pods-crispy-computing-app-frameworks-${CONFIGURATION}-input-files.xcfilelist",
			);
			name = "[CP] Embed Pods Frameworks";
			outputFileListPaths = (
				"${PODS_ROOT}/Target Support Files/Pods-crispy-computing-app/Pods-crispy-computing-app-frameworks-${CONFIGURATION}-output-files.xcfilelist",
			);
			runOnlyForDeploymentPostprocessing = 0;
			shellPath = /bin/sh;
			shellScript = "\"${PODS_ROOT}/Target Support Files/Pods-crispy-computing-app/Pods-crispy-computing-app-frameworks.sh\"\n";
			showEnvVarsInLog = 0;
		};
		C5A747259C4DA19B3665C8CE /* [CP] Check Pods Manifest.lock */ = {
			isa = PBXShellScriptBuildPhase;
			buildActionMask = 2147483647;
			files = (
			);
			inputFileListPaths = (
			);
			inputPaths = (
				"${PODS_PODFILE_DIR_PATH}/Podfile.lock",
				"${PODS_ROOT}/Manifest.lock",
			);
			name = "[CP] Check Pods Manifest.lock";
			outputFileListPaths = (
			);
			outputPaths = (
				"$(DERIVED_FILE_DIR)/Pods-crispy-computing-appTests-checkManifestLockResult.txt",
			);
			runOnlyForDeploymentPostprocessing = 0;
			shellPath = /bin/sh;
			shellScript = "diff \"${PODS_PODFILE_DIR_PATH}/Podfile.lock\" \"${PODS_ROOT}/Manifest.lock\" > /dev/null\nif [ $? != 0 ] ; then\n    # print error to STDERR\n    echo \"error: The sandbox is not in sync with the Podfile.lock. Run 'pod install' or update your CocoaPods installation.\" >&2\n    exit 1\nfi\n# This output is used by Xcode 'outputs' to avoid re-running this script phase.\necho \"SUCCESS\" > \"${SCRIPT_OUTPUT_FILE_0}\"\n";
			showEnvVarsInLog = 0;
		};
		CC454242C6C6BAAE44F7D602 /* [CP] Check Pods Manifest.lock */ = {
			isa = PBXShellScriptBuildPhase;
			buildActionMask = 2147483647;
			files = (
			);
			inputFileListPaths = (
			);
			inputPaths = (
				"${PODS_PODFILE_DIR_PATH}/Podfile.lock",
				"${PODS_ROOT}/Manifest.lock",
			);
			name = "[CP] Check Pods Manifest.lock";
			outputFileListPaths = (
			);
			outputPaths = (
				"$(DERIVED_FILE_DIR)/Pods-crispy-computing-app-crispy-computing-appUITests-checkManifestLockResult.txt",
			);
			runOnlyForDeploymentPostprocessing = 0;
			shellPath = /bin/sh;
			shellScript = "diff \"${PODS_PODFILE_DIR_PATH}/Podfile.lock\" \"${PODS_ROOT}/Manifest.lock\" > /dev/null\nif [ $? != 0 ] ; then\n    # print error to STDERR\n    echo \"error: The sandbox is not in sync with the Podfile.lock. Run 'pod install' or update your CocoaPods installation.\" >&2\n    exit 1\nfi\n# This output is used by Xcode 'outputs' to avoid re-running this script phase.\necho \"SUCCESS\" > \"${SCRIPT_OUTPUT_FILE_0}\"\n";
			showEnvVarsInLog = 0;
		};
		E5DC9BE334819297337A7E1E /* [CP] Check Pods Manifest.lock */ = {
			isa = PBXShellScriptBuildPhase;
			buildActionMask = 2147483647;
			files = (
			);
			inputFileListPaths = (
			);
			inputPaths = (
				"${PODS_PODFILE_DIR_PATH}/Podfile.lock",
				"${PODS_ROOT}/Manifest.lock",
			);
			name = "[CP] Check Pods Manifest.lock";
			outputFileListPaths = (
			);
			outputPaths = (
				"$(DERIVED_FILE_DIR)/Pods-crispy-computing-app-checkManifestLockResult.txt",
			);
			runOnlyForDeploymentPostprocessing = 0;
			shellPath = /bin/sh;
			shellScript = "diff \"${PODS_PODFILE_DIR_PATH}/Podfile.lock\" \"${PODS_ROOT}/Manifest.lock\" > /dev/null\nif [ $? != 0 ] ; then\n    # print error to STDERR\n    echo \"error: The sandbox is not in sync with the Podfile.lock. Run 'pod install' or update your CocoaPods installation.\" >&2\n    exit 1\nfi\n# This output is used by Xcode 'outputs' to avoid re-running this script phase.\necho \"SUCCESS\" > \"${SCRIPT_OUTPUT_FILE_0}\"\n";
			showEnvVarsInLog = 0;
		};
		EB95F0782D0AD6252874CF78 /* [CP] Embed Pods Frameworks */ = {
			isa = PBXShellScriptBuildPhase;
			buildActionMask = 2147483647;
			files = (
			);
			inputFileListPaths = (
				"${PODS_ROOT}/Target Support Files/Pods-crispy-computing-app-crispy-computing-appUITests/Pods-crispy-computing-app-crispy-computing-appUITests-frameworks-${CONFIGURATION}-input-files.xcfilelist",
			);
			name = "[CP] Embed Pods Frameworks";
			outputFileListPaths = (
				"${PODS_ROOT}/Target Support Files/Pods-crispy-computing-app-crispy-computing-appUITests/Pods-crispy-computing-app-crispy-computing-appUITests-frameworks-${CONFIGURATION}-output-files.xcfilelist",
			);
			runOnlyForDeploymentPostprocessing = 0;
			shellPath = /bin/sh;
			shellScript = "\"${PODS_ROOT}/Target Support Files/Pods-crispy-computing-app-crispy-computing-appUITests/Pods-crispy-computing-app-crispy-computing-appUITests-frameworks.sh\"\n";
			showEnvVarsInLog = 0;
		};
/* End PBXShellScriptBuildPhase section */

/* Begin PBXSourcesBuildPhase section */
		94E8AD7926F2E097009478C2 /* Sources */ = {
			isa = PBXSourcesBuildPhase;
			buildActionMask = 2147483647;
			files = (
				944D571226F3FF3400C0B044 /* CheaperThanDirtData.swift in Sources */,
				94E8AD8526F2E097009478C2 /* productViewController.swift in Sources */,
				94E8AD8126F2E097009478C2 /* AppDelegate.swift in Sources */,
				9421CB8B270FABC8009EFA2E /* firebaseSend.swift in Sources */,
				9484AB862701804D005FC353 /* productSelectionViewController.swift in Sources */,
				94E8AD8326F2E097009478C2 /* SceneDelegate.swift in Sources */,
				949B4211270A55CA00CCAC62 /* productDetailViewController.swift in Sources */,
				9484AB8427017D1B005FC353 /* customProductCell.swift in Sources */,
				9440C53027085C0D00BFF8B1 /* ImageClient.swift in Sources */,
			);
			runOnlyForDeploymentPostprocessing = 0;
		};
		94E8AD8F26F2E099009478C2 /* Sources */ = {
			isa = PBXSourcesBuildPhase;
			buildActionMask = 2147483647;
			files = (
				94E8AD9826F2E099009478C2 /* crispy_computing_appTests.swift in Sources */,
			);
			runOnlyForDeploymentPostprocessing = 0;
		};
		94E8AD9A26F2E099009478C2 /* Sources */ = {
			isa = PBXSourcesBuildPhase;
			buildActionMask = 2147483647;
			files = (
				94E8ADA326F2E099009478C2 /* crispy_computing_appUITests.swift in Sources */,
			);
			runOnlyForDeploymentPostprocessing = 0;
		};
/* End PBXSourcesBuildPhase section */

/* Begin PBXTargetDependency section */
		94E8AD9526F2E099009478C2 /* PBXTargetDependency */ = {
			isa = PBXTargetDependency;
			target = 94E8AD7C26F2E097009478C2 /* crispy-computing-app */;
			targetProxy = 94E8AD9426F2E099009478C2 /* PBXContainerItemProxy */;
		};
		94E8ADA026F2E099009478C2 /* PBXTargetDependency */ = {
			isa = PBXTargetDependency;
			target = 94E8AD7C26F2E097009478C2 /* crispy-computing-app */;
			targetProxy = 94E8AD9F26F2E099009478C2 /* PBXContainerItemProxy */;
		};
/* End PBXTargetDependency section */

/* Begin PBXVariantGroup section */
		94E8AD8626F2E097009478C2 /* Main.storyboard */ = {
			isa = PBXVariantGroup;
			children = (
				94E8AD8726F2E097009478C2 /* Base */,
			);
			name = Main.storyboard;
			sourceTree = "<group>";
		};
		94E8AD8B26F2E099009478C2 /* LaunchScreen.storyboard */ = {
			isa = PBXVariantGroup;
			children = (
				94E8AD8C26F2E099009478C2 /* Base */,
			);
			name = LaunchScreen.storyboard;
			sourceTree = "<group>";
		};
/* End PBXVariantGroup section */

/* Begin XCBuildConfiguration section */
		94E8ADA526F2E099009478C2 /* Debug */ = {
			isa = XCBuildConfiguration;
			buildSettings = {
				ALWAYS_SEARCH_USER_PATHS = NO;
				CLANG_ANALYZER_NONNULL = YES;
				CLANG_ANALYZER_NUMBER_OBJECT_CONVERSION = YES_AGGRESSIVE;
				CLANG_CXX_LANGUAGE_STANDARD = "gnu++14";
				CLANG_CXX_LIBRARY = "libc++";
				CLANG_ENABLE_MODULES = YES;
				CLANG_ENABLE_OBJC_ARC = YES;
				CLANG_ENABLE_OBJC_WEAK = YES;
				CLANG_WARN_BLOCK_CAPTURE_AUTORELEASING = YES;
				CLANG_WARN_BOOL_CONVERSION = YES;
				CLANG_WARN_COMMA = YES;
				CLANG_WARN_CONSTANT_CONVERSION = YES;
				CLANG_WARN_DEPRECATED_OBJC_IMPLEMENTATIONS = YES;
				CLANG_WARN_DIRECT_OBJC_ISA_USAGE = YES_ERROR;
				CLANG_WARN_DOCUMENTATION_COMMENTS = YES;
				CLANG_WARN_EMPTY_BODY = YES;
				CLANG_WARN_ENUM_CONVERSION = YES;
				CLANG_WARN_INFINITE_RECURSION = YES;
				CLANG_WARN_INT_CONVERSION = YES;
				CLANG_WARN_NON_LITERAL_NULL_CONVERSION = YES;
				CLANG_WARN_OBJC_IMPLICIT_RETAIN_SELF = YES;
				CLANG_WARN_OBJC_LITERAL_CONVERSION = YES;
				CLANG_WARN_OBJC_ROOT_CLASS = YES_ERROR;
				CLANG_WARN_QUOTED_INCLUDE_IN_FRAMEWORK_HEADER = YES;
				CLANG_WARN_RANGE_LOOP_ANALYSIS = YES;
				CLANG_WARN_STRICT_PROTOTYPES = YES;
				CLANG_WARN_SUSPICIOUS_MOVE = YES;
				CLANG_WARN_UNGUARDED_AVAILABILITY = YES_AGGRESSIVE;
				CLANG_WARN_UNREACHABLE_CODE = YES;
				CLANG_WARN__DUPLICATE_METHOD_MATCH = YES;
				COPY_PHASE_STRIP = NO;
				DEBUG_INFORMATION_FORMAT = dwarf;
				ENABLE_STRICT_OBJC_MSGSEND = YES;
				ENABLE_TESTABILITY = YES;
				GCC_C_LANGUAGE_STANDARD = gnu11;
				GCC_DYNAMIC_NO_PIC = NO;
				GCC_NO_COMMON_BLOCKS = YES;
				GCC_OPTIMIZATION_LEVEL = 0;
				GCC_PREPROCESSOR_DEFINITIONS = (
					"DEBUG=1",
					"$(inherited)",
				);
				GCC_WARN_64_TO_32_BIT_CONVERSION = YES;
				GCC_WARN_ABOUT_RETURN_TYPE = YES_ERROR;
				GCC_WARN_UNDECLARED_SELECTOR = YES;
				GCC_WARN_UNINITIALIZED_AUTOS = YES_AGGRESSIVE;
				GCC_WARN_UNUSED_FUNCTION = YES;
				GCC_WARN_UNUSED_VARIABLE = YES;
				IPHONEOS_DEPLOYMENT_TARGET = 14.5;
				MTL_ENABLE_DEBUG_INFO = INCLUDE_SOURCE;
				MTL_FAST_MATH = YES;
				ONLY_ACTIVE_ARCH = YES;
				SDKROOT = iphoneos;
				SWIFT_ACTIVE_COMPILATION_CONDITIONS = DEBUG;
				SWIFT_OPTIMIZATION_LEVEL = "-Onone";
			};
			name = Debug;
		};
		94E8ADA626F2E099009478C2 /* Release */ = {
			isa = XCBuildConfiguration;
			buildSettings = {
				ALWAYS_SEARCH_USER_PATHS = NO;
				CLANG_ANALYZER_NONNULL = YES;
				CLANG_ANALYZER_NUMBER_OBJECT_CONVERSION = YES_AGGRESSIVE;
				CLANG_CXX_LANGUAGE_STANDARD = "gnu++14";
				CLANG_CXX_LIBRARY = "libc++";
				CLANG_ENABLE_MODULES = YES;
				CLANG_ENABLE_OBJC_ARC = YES;
				CLANG_ENABLE_OBJC_WEAK = YES;
				CLANG_WARN_BLOCK_CAPTURE_AUTORELEASING = YES;
				CLANG_WARN_BOOL_CONVERSION = YES;
				CLANG_WARN_COMMA = YES;
				CLANG_WARN_CONSTANT_CONVERSION = YES;
				CLANG_WARN_DEPRECATED_OBJC_IMPLEMENTATIONS = YES;
				CLANG_WARN_DIRECT_OBJC_ISA_USAGE = YES_ERROR;
				CLANG_WARN_DOCUMENTATION_COMMENTS = YES;
				CLANG_WARN_EMPTY_BODY = YES;
				CLANG_WARN_ENUM_CONVERSION = YES;
				CLANG_WARN_INFINITE_RECURSION = YES;
				CLANG_WARN_INT_CONVERSION = YES;
				CLANG_WARN_NON_LITERAL_NULL_CONVERSION = YES;
				CLANG_WARN_OBJC_IMPLICIT_RETAIN_SELF = YES;
				CLANG_WARN_OBJC_LITERAL_CONVERSION = YES;
				CLANG_WARN_OBJC_ROOT_CLASS = YES_ERROR;
				CLANG_WARN_QUOTED_INCLUDE_IN_FRAMEWORK_HEADER = YES;
				CLANG_WARN_RANGE_LOOP_ANALYSIS = YES;
				CLANG_WARN_STRICT_PROTOTYPES = YES;
				CLANG_WARN_SUSPICIOUS_MOVE = YES;
				CLANG_WARN_UNGUARDED_AVAILABILITY = YES_AGGRESSIVE;
				CLANG_WARN_UNREACHABLE_CODE = YES;
				CLANG_WARN__DUPLICATE_METHOD_MATCH = YES;
				COPY_PHASE_STRIP = NO;
				DEBUG_INFORMATION_FORMAT = "dwarf-with-dsym";
				ENABLE_NS_ASSERTIONS = NO;
				ENABLE_STRICT_OBJC_MSGSEND = YES;
				GCC_C_LANGUAGE_STANDARD = gnu11;
				GCC_NO_COMMON_BLOCKS = YES;
				GCC_WARN_64_TO_32_BIT_CONVERSION = YES;
				GCC_WARN_ABOUT_RETURN_TYPE = YES_ERROR;
				GCC_WARN_UNDECLARED_SELECTOR = YES;
				GCC_WARN_UNINITIALIZED_AUTOS = YES_AGGRESSIVE;
				GCC_WARN_UNUSED_FUNCTION = YES;
				GCC_WARN_UNUSED_VARIABLE = YES;
				IPHONEOS_DEPLOYMENT_TARGET = 14.5;
				MTL_ENABLE_DEBUG_INFO = NO;
				MTL_FAST_MATH = YES;
				SDKROOT = iphoneos;
				SWIFT_COMPILATION_MODE = wholemodule;
				SWIFT_OPTIMIZATION_LEVEL = "-O";
				VALIDATE_PRODUCT = YES;
			};
			name = Release;
		};
		94E8ADA826F2E099009478C2 /* Debug */ = {
			isa = XCBuildConfiguration;
			baseConfigurationReference = 329CB67DE05E84F068C63A24 /* Pods-crispy-computing-app.debug.xcconfig */;
			buildSettings = {
				ASSETCATALOG_COMPILER_APPICON_NAME = AppIcon;
				ASSETCATALOG_COMPILER_GLOBAL_ACCENT_COLOR_NAME = AccentColor;
				CODE_SIGN_STYLE = Automatic;
				DEVELOPMENT_TEAM = Z4V4D6Q5VP;
				INFOPLIST_FILE = "crispy-computing-app/Info.plist";
				LD_RUNPATH_SEARCH_PATHS = (
					"$(inherited)",
					"@executable_path/Frameworks",
				);
				PRODUCT_BUNDLE_IDENTIFIER = "chakanezshegog-gmail.com.crispy-computing-app";
				PRODUCT_NAME = "$(TARGET_NAME)";
				SWIFT_VERSION = 5.0;
				TARGETED_DEVICE_FAMILY = "1,2";
			};
			name = Debug;
		};
		94E8ADA926F2E099009478C2 /* Release */ = {
			isa = XCBuildConfiguration;
			baseConfigurationReference = 89869FCD612EF6594BDCC3C2 /* Pods-crispy-computing-app.release.xcconfig */;
			buildSettings = {
				ASSETCATALOG_COMPILER_APPICON_NAME = AppIcon;
				ASSETCATALOG_COMPILER_GLOBAL_ACCENT_COLOR_NAME = AccentColor;
				CODE_SIGN_STYLE = Automatic;
				DEVELOPMENT_TEAM = Z4V4D6Q5VP;
				INFOPLIST_FILE = "crispy-computing-app/Info.plist";
				LD_RUNPATH_SEARCH_PATHS = (
					"$(inherited)",
					"@executable_path/Frameworks",
				);
				PRODUCT_BUNDLE_IDENTIFIER = "chakanezshegog-gmail.com.crispy-computing-app";
				PRODUCT_NAME = "$(TARGET_NAME)";
				SWIFT_VERSION = 5.0;
				TARGETED_DEVICE_FAMILY = "1,2";
			};
			name = Release;
		};
		94E8ADAB26F2E099009478C2 /* Debug */ = {
			isa = XCBuildConfiguration;
			baseConfigurationReference = FB356F8C748F6A10B6043DDC /* Pods-crispy-computing-appTests.debug.xcconfig */;
			buildSettings = {
				ALWAYS_EMBED_SWIFT_STANDARD_LIBRARIES = YES;
				BUNDLE_LOADER = "$(TEST_HOST)";
				CODE_SIGN_STYLE = Automatic;
				DEVELOPMENT_TEAM = Z4V4D6Q5VP;
				INFOPLIST_FILE = "crispy-computing-appTests/Info.plist";
				IPHONEOS_DEPLOYMENT_TARGET = 14.5;
				LD_RUNPATH_SEARCH_PATHS = (
					"$(inherited)",
					"@executable_path/Frameworks",
					"@loader_path/Frameworks",
				);
				PRODUCT_BUNDLE_IDENTIFIER = "chakanezshegog-gmail.com.crispy-computing-appTests";
				PRODUCT_NAME = "$(TARGET_NAME)";
				SWIFT_VERSION = 5.0;
				TARGETED_DEVICE_FAMILY = "1,2";
				TEST_HOST = "$(BUILT_PRODUCTS_DIR)/crispy-computing-app.app/crispy-computing-app";
			};
			name = Debug;
		};
		94E8ADAC26F2E099009478C2 /* Release */ = {
			isa = XCBuildConfiguration;
			baseConfigurationReference = C0E0812A7E29970384AD5B1D /* Pods-crispy-computing-appTests.release.xcconfig */;
			buildSettings = {
				ALWAYS_EMBED_SWIFT_STANDARD_LIBRARIES = YES;
				BUNDLE_LOADER = "$(TEST_HOST)";
				CODE_SIGN_STYLE = Automatic;
				DEVELOPMENT_TEAM = Z4V4D6Q5VP;
				INFOPLIST_FILE = "crispy-computing-appTests/Info.plist";
				IPHONEOS_DEPLOYMENT_TARGET = 14.5;
				LD_RUNPATH_SEARCH_PATHS = (
					"$(inherited)",
					"@executable_path/Frameworks",
					"@loader_path/Frameworks",
				);
				PRODUCT_BUNDLE_IDENTIFIER = "chakanezshegog-gmail.com.crispy-computing-appTests";
				PRODUCT_NAME = "$(TARGET_NAME)";
				SWIFT_VERSION = 5.0;
				TARGETED_DEVICE_FAMILY = "1,2";
				TEST_HOST = "$(BUILT_PRODUCTS_DIR)/crispy-computing-app.app/crispy-computing-app";
			};
			name = Release;
		};
		94E8ADAE26F2E099009478C2 /* Debug */ = {
			isa = XCBuildConfiguration;
			baseConfigurationReference = C476A93B7C8E652A1EA6D55D /* Pods-crispy-computing-app-crispy-computing-appUITests.debug.xcconfig */;
			buildSettings = {
				ALWAYS_EMBED_SWIFT_STANDARD_LIBRARIES = YES;
				CODE_SIGN_STYLE = Automatic;
				DEVELOPMENT_TEAM = Z4V4D6Q5VP;
				INFOPLIST_FILE = "crispy-computing-appUITests/Info.plist";
				LD_RUNPATH_SEARCH_PATHS = (
					"$(inherited)",
					"@executable_path/Frameworks",
					"@loader_path/Frameworks",
				);
				PRODUCT_BUNDLE_IDENTIFIER = "chakanezshegog-gmail.com.crispy-computing-appUITests";
				PRODUCT_NAME = "$(TARGET_NAME)";
				SWIFT_VERSION = 5.0;
				TARGETED_DEVICE_FAMILY = "1,2";
				TEST_TARGET_NAME = "crispy-computing-app";
			};
			name = Debug;
		};
		94E8ADAF26F2E099009478C2 /* Release */ = {
			isa = XCBuildConfiguration;
			baseConfigurationReference = CE992D7C062456D682561453 /* Pods-crispy-computing-app-crispy-computing-appUITests.release.xcconfig */;
			buildSettings = {
				ALWAYS_EMBED_SWIFT_STANDARD_LIBRARIES = YES;
				CODE_SIGN_STYLE = Automatic;
				DEVELOPMENT_TEAM = Z4V4D6Q5VP;
				INFOPLIST_FILE = "crispy-computing-appUITests/Info.plist";
				LD_RUNPATH_SEARCH_PATHS = (
					"$(inherited)",
					"@executable_path/Frameworks",
					"@loader_path/Frameworks",
				);
				PRODUCT_BUNDLE_IDENTIFIER = "chakanezshegog-gmail.com.crispy-computing-appUITests";
				PRODUCT_NAME = "$(TARGET_NAME)";
				SWIFT_VERSION = 5.0;
				TARGETED_DEVICE_FAMILY = "1,2";
				TEST_TARGET_NAME = "crispy-computing-app";
			};
			name = Release;
		};
/* End XCBuildConfiguration section */

/* Begin XCConfigurationList section */
		94E8AD7826F2E097009478C2 /* Build configuration list for PBXProject "crispy-computing-app" */ = {
			isa = XCConfigurationList;
			buildConfigurations = (
				94E8ADA526F2E099009478C2 /* Debug */,
				94E8ADA626F2E099009478C2 /* Release */,
			);
			defaultConfigurationIsVisible = 0;
			defaultConfigurationName = Release;
		};
		94E8ADA726F2E099009478C2 /* Build configuration list for PBXNativeTarget "crispy-computing-app" */ = {
			isa = XCConfigurationList;
			buildConfigurations = (
				94E8ADA826F2E099009478C2 /* Debug */,
				94E8ADA926F2E099009478C2 /* Release */,
			);
			defaultConfigurationIsVisible = 0;
			defaultConfigurationName = Release;
		};
		94E8ADAA26F2E099009478C2 /* Build configuration list for PBXNativeTarget "crispy-computing-appTests" */ = {
			isa = XCConfigurationList;
			buildConfigurations = (
				94E8ADAB26F2E099009478C2 /* Debug */,
				94E8ADAC26F2E099009478C2 /* Release */,
			);
			defaultConfigurationIsVisible = 0;
			defaultConfigurationName = Release;
		};
		94E8ADAD26F2E099009478C2 /* Build configuration list for PBXNativeTarget "crispy-computing-appUITests" */ = {
			isa = XCConfigurationList;
			buildConfigurations = (
				94E8ADAE26F2E099009478C2 /* Debug */,
				94E8ADAF26F2E099009478C2 /* Release */,
			);
			defaultConfigurationIsVisible = 0;
			defaultConfigurationName = Release;
		};
/* End XCConfigurationList section */
	};
	rootObject = 94E8AD7526F2E097009478C2 /* Project object */;
}
